
Microsoft Visual Studio Solution File, Format Version 12.00
# Visual Studio 15
VisualStudioVersion = 15.0.28307.779
MinimumVisualStudioVersion = 10.0.40219.1
Project("{FAE04EC0-301F-11D3-BF4B-00C04F79EFBC}") = "WindowsForm", "WindowsForm\WindowsForm.csproj", "{FFBB4C07-49E3-4F1F-B025-C8A04B86C01B}"
EndProject
Global
	GlobalSection(SolutionConfigurationPlatforms) = preSolution
		Debug|Any CPU = Debug|Any CPU
		Release|Any CPU = Release|Any CPU
	EndGlobalSection
	GlobalSection(ProjectConfigurationPlatforms) = postSolution
		{FFBB4C07-49E3-4F1F-B025-C8A04B86C01B}.Debug|Any CPU.ActiveCfg = Debug|Any CPU
		{FFBB4C07-49E3-4F1F-B025-C8A04B86C01B}.Debug|Any CPU.Build.0 = Debug|Any CPU
		{FFBB4C07-49E3-4F1F-B025-C8A04B86C01B}.Release|Any CPU.ActiveCfg = Release|Any CPU
		{FFBB4C07-49E3-4F1F-B025-C8A04B86C01B}.Release|Any CPU.Build.0 = Release|Any CPU
	EndGlobalSection
	GlobalSection(SolutionProperties) = preSolution
		HideSolutionNode = FALSE
	EndGlobalSection
	GlobalSection(ExtensibilityGlobals) = postSolution
		SolutionGuid = {5D140861-DBD0-4B14-A4B0-9043696D044C}
	EndGlobalSection
EndGlobal
